
Microsoft Visual Studio Solution File, Format Version 12.00
# Visual Studio 15
VisualStudioVersion = 15.0.27130.2027
MinimumVisualStudioVersion = 10.0.40219.1
Project("{FAE04EC0-301F-11D3-BF4B-00C04F79EFBC}") = "Lock Stock and Auth", "Lock Stock and Auth\Lock Stock and Auth.csproj", "{FF80E6AA-516A-4545-8B48-F7013D7C4813}"
EndProject
Project("{FAE04EC0-301F-11D3-BF4B-00C04F79EFBC}") = "Sample MVC Site", "Sample MVC Site\Sample MVC Site.csproj", "{EA4537E3-FAF9-45FA-8480-6A5F704A6595}"
EndProject
Project("{2150E333-8FDC-42A3-9474-1A3956D46DE8}") = "Solution Items", "Solution Items", "{2E877DCD-DECC-4EDE-887F-6E6C3DDF886A}"
	ProjectSection(SolutionItems) = preProject
		..\bower.json = ..\bower.json
		gruntfile.js = gruntfile.js
		..\README.md = ..\README.md
	EndProjectSection
EndProject
Project("{E24C65DC-7377-472B-9ABA-BC803B73C61A}") = "Sample HTML Client", "Sample HTML Client\", "{27B35C05-B591-4991-8F97-043A05C55263}"
	ProjectSection(WebsiteProperties) = preProject
		TargetFrameworkMoniker = ".NETFramework,Version%3Dv4.0"
		Debug.AspNetCompiler.VirtualPath = "/localhost_46861"
		Debug.AspNetCompiler.PhysicalPath = "Sample HTML Client\"
		Debug.AspNetCompiler.TargetPath = "PrecompiledWeb\localhost_46861\"
		Debug.AspNetCompiler.Updateable = "true"
		Debug.AspNetCompiler.ForceOverwrite = "true"
		Debug.AspNetCompiler.FixedNames = "false"
		Debug.AspNetCompiler.Debug = "True"
		Release.AspNetCompiler.VirtualPath = "/localhost_46861"
		Release.AspNetCompiler.PhysicalPath = "Sample HTML Client\"
		Release.AspNetCompiler.TargetPath = "PrecompiledWeb\localhost_46861\"
		Release.AspNetCompiler.Updateable = "true"
		Release.AspNetCompiler.ForceOverwrite = "true"
		Release.AspNetCompiler.FixedNames = "false"
		Release.AspNetCompiler.Debug = "False"
		VWDPort = "46861"
		SlnRelativePath = "Sample HTML Client\"
	EndProjectSection
EndProject
Project("{FAE04EC0-301F-11D3-BF4B-00C04F79EFBC}") = "LockStockAuth", "LockStockAuth\LockStockAuth.csproj", "{76A3AD19-B1FB-42A7-98F1-3CA270A7E01C}"
EndProject
Project("{FAE04EC0-301F-11D3-BF4B-00C04F79EFBC}") = "Example.Mvc", "..\examples\Example.Mvc\Example.Mvc.csproj", "{1ACA32C6-0D06-4980-AE7D-D793FBD57BB5}"
EndProject
Global
	GlobalSection(SolutionConfigurationPlatforms) = preSolution
		Debug|Any CPU = Debug|Any CPU
		Release|Any CPU = Release|Any CPU
	EndGlobalSection
	GlobalSection(ProjectConfigurationPlatforms) = postSolution
		{FF80E6AA-516A-4545-8B48-F7013D7C4813}.Debug|Any CPU.ActiveCfg = Debug|Any CPU
		{FF80E6AA-516A-4545-8B48-F7013D7C4813}.Debug|Any CPU.Build.0 = Debug|Any CPU
		{FF80E6AA-516A-4545-8B48-F7013D7C4813}.Release|Any CPU.ActiveCfg = Release|Any CPU
		{FF80E6AA-516A-4545-8B48-F7013D7C4813}.Release|Any CPU.Build.0 = Release|Any CPU
		{EA4537E3-FAF9-45FA-8480-6A5F704A6595}.Debug|Any CPU.ActiveCfg = Debug|Any CPU
		{EA4537E3-FAF9-45FA-8480-6A5F704A6595}.Debug|Any CPU.Build.0 = Debug|Any CPU
		{EA4537E3-FAF9-45FA-8480-6A5F704A6595}.Release|Any CPU.ActiveCfg = Release|Any CPU
		{EA4537E3-FAF9-45FA-8480-6A5F704A6595}.Release|Any CPU.Build.0 = Release|Any CPU
		{27B35C05-B591-4991-8F97-043A05C55263}.Debug|Any CPU.ActiveCfg = Debug|Any CPU
		{27B35C05-B591-4991-8F97-043A05C55263}.Debug|Any CPU.Build.0 = Debug|Any CPU
		{27B35C05-B591-4991-8F97-043A05C55263}.Release|Any CPU.ActiveCfg = Debug|Any CPU
		{27B35C05-B591-4991-8F97-043A05C55263}.Release|Any CPU.Build.0 = Debug|Any CPU
		{76A3AD19-B1FB-42A7-98F1-3CA270A7E01C}.Debug|Any CPU.ActiveCfg = Debug|Any CPU
		{76A3AD19-B1FB-42A7-98F1-3CA270A7E01C}.Debug|Any CPU.Build.0 = Debug|Any CPU
		{76A3AD19-B1FB-42A7-98F1-3CA270A7E01C}.Release|Any CPU.ActiveCfg = Release|Any CPU
		{76A3AD19-B1FB-42A7-98F1-3CA270A7E01C}.Release|Any CPU.Build.0 = Release|Any CPU
		{1ACA32C6-0D06-4980-AE7D-D793FBD57BB5}.Debug|Any CPU.ActiveCfg = Debug|Any CPU
		{1ACA32C6-0D06-4980-AE7D-D793FBD57BB5}.Debug|Any CPU.Build.0 = Debug|Any CPU
		{1ACA32C6-0D06-4980-AE7D-D793FBD57BB5}.Release|Any CPU.ActiveCfg = Release|Any CPU
		{1ACA32C6-0D06-4980-AE7D-D793FBD57BB5}.Release|Any CPU.Build.0 = Release|Any CPU
	EndGlobalSection
	GlobalSection(SolutionProperties) = preSolution
		HideSolutionNode = FALSE
	EndGlobalSection
	GlobalSection(ExtensibilityGlobals) = postSolution
		SolutionGuid = {FADFDD2B-7E36-4C17-B8B6-F6F8329241B1}
	EndGlobalSection
EndGlobal
